// !$*UTF8*$!
{
	archiveVersion = 1;
	classes = {
	};
	objectVersion = 50;
	objects = {

/* Begin PBXBuildFile section */
		234C34C12343A79000AE45FF /* ConnectionIndicator.swift in Sources */ = {isa = PBXBuildFile; fileRef = 234C34C02343A79000AE45FF /* ConnectionIndicator.swift */; };
		234C34C62348EB7400AE45FF /* DefaultHTTPConnector.swift in Sources */ = {isa = PBXBuildFile; fileRef = 234C34C52348EB7400AE45FF /* DefaultHTTPConnector.swift */; };
		234C34C82348EB9E00AE45FF /* DefaultURLEncoder.swift in Sources */ = {isa = PBXBuildFile; fileRef = 234C34C72348EB9E00AE45FF /* DefaultURLEncoder.swift */; };
		234C34CA2348EBCE00AE45FF /* DefaultConnectionIndicator.swift in Sources */ = {isa = PBXBuildFile; fileRef = 234C34C92348EBCE00AE45FF /* DefaultConnectionIndicator.swift */; };
		2356F68522FDB980002A2047 /* AppDelegate.swift in Sources */ = {isa = PBXBuildFile; fileRef = 2356F68422FDB980002A2047 /* AppDelegate.swift */; };
		2356F68722FDB980002A2047 /* ViewController.swift in Sources */ = {isa = PBXBuildFile; fileRef = 2356F68622FDB980002A2047 /* ViewController.swift */; };
		2356F68A22FDB980002A2047 /* Main.storyboard in Resources */ = {isa = PBXBuildFile; fileRef = 2356F68822FDB980002A2047 /* Main.storyboard */; };
		2356F68C22FDB981002A2047 /* Assets.xcassets in Resources */ = {isa = PBXBuildFile; fileRef = 2356F68B22FDB981002A2047 /* Assets.xcassets */; };
		2356F68F22FDB981002A2047 /* LaunchScreen.storyboard in Resources */ = {isa = PBXBuildFile; fileRef = 2356F68D22FDB981002A2047 /* LaunchScreen.storyboard */; };
		2356F69822FDB9AC002A2047 /* HTTPConnector.swift in Sources */ = {isa = PBXBuildFile; fileRef = 2356F69722FDB9AC002A2047 /* HTTPConnector.swift */; };
		2356F69A22FDB9CF002A2047 /* ConnectionLifecycle.swift in Sources */ = {isa = PBXBuildFile; fileRef = 2356F69922FDB9CF002A2047 /* ConnectionLifecycle.swift */; };
		2356F69C22FDB9E2002A2047 /* ConnectionSpec.swift in Sources */ = {isa = PBXBuildFile; fileRef = 2356F69B22FDB9E2002A2047 /* ConnectionSpec.swift */; };
		2356F69E22FDBAA3002A2047 /* ConnectionListener.swift in Sources */ = {isa = PBXBuildFile; fileRef = 2356F69D22FDBAA3002A2047 /* ConnectionListener.swift */; };
		239B121623294228009F4B0B /* ConnectionHolder.swift in Sources */ = {isa = PBXBuildFile; fileRef = 239B121523294228009F4B0B /* ConnectionHolder.swift */; };
		23A8D9B22312248800873CAB /* ConnectionEvent.swift in Sources */ = {isa = PBXBuildFile; fileRef = 23A8D9B12312248800873CAB /* ConnectionEvent.swift */; };
		403188A7230D0587000AAABA /* KeyValue.swift in Sources */ = {isa = PBXBuildFile; fileRef = 403188A6230D0587000AAABA /* KeyValue.swift */; };
		403188A9230D082C000AAABA /* URLEncoder.swift in Sources */ = {isa = PBXBuildFile; fileRef = 403188A8230D082C000AAABA /* URLEncoder.swift */; };
		403188AB230D0A71000AAABA /* URLQuery.swift in Sources */ = {isa = PBXBuildFile; fileRef = 403188AA230D0A71000AAABA /* URLQuery.swift */; };
		403188AD230D0E93000AAABA /* ConnectionErrorType.swift in Sources */ = {isa = PBXBuildFile; fileRef = 403188AC230D0E93000AAABA /* ConnectionErrorType.swift */; };
		403188B1230FF3AD000AAABA /* HTTPMethod.swift in Sources */ = {isa = PBXBuildFile; fileRef = 403188B0230FF3AD000AAABA /* HTTPMethod.swift */; };
		403188B32313A643000AAABA /* EventChain.swift in Sources */ = {isa = PBXBuildFile; fileRef = 403188B22313A643000AAABA /* EventChain.swift */; };
		403188B62314B84E000AAABA /* MTSSpec.swift in Sources */ = {isa = PBXBuildFile; fileRef = 403188B52314B84E000AAABA /* MTSSpec.swift */; };
		403188B82314B942000AAABA /* MTSResponse.swift in Sources */ = {isa = PBXBuildFile; fileRef = 403188B72314B942000AAABA /* MTSResponse.swift */; };
		403188BA2314BA0C000AAABA /* HogeSpec.swift in Sources */ = {isa = PBXBuildFile; fileRef = 403188B92314BA0C000AAABA /* HogeSpec.swift */; };
		405294CF232228AB00739998 /* SimpleSpec.swift in Sources */ = {isa = PBXBuildFile; fileRef = 405294CE232228AB00739998 /* SimpleSpec.swift */; };
		405294F5232A599300739998 /* Request.swift in Sources */ = {isa = PBXBuildFile; fileRef = 405294F4232A599300739998 /* Request.swift */; };
		40AB633223320BB2009BD7CB /* ConnectionError.swift in Sources */ = {isa = PBXBuildFile; fileRef = 40AB633123320BB2009BD7CB /* ConnectionError.swift */; };
		40AB633423321142009BD7CB /* Response.swift in Sources */ = {isa = PBXBuildFile; fileRef = 40AB633323321142009BD7CB /* Response.swift */; };
		40AB642A233B57D3009BD7CB /* CommonEvent.swift in Sources */ = {isa = PBXBuildFile; fileRef = 40AB6429233B57D3009BD7CB /* CommonEvent.swift */; };
/* End PBXBuildFile section */

/* Begin PBXFileReference section */
		234C34C02343A79000AE45FF /* ConnectionIndicator.swift */ = {isa = PBXFileReference; lastKnownFileType = sourcecode.swift; path = ConnectionIndicator.swift; sourceTree = "<group>"; };
		234C34C52348EB7400AE45FF /* DefaultHTTPConnector.swift */ = {isa = PBXFileReference; lastKnownFileType = sourcecode.swift; path = DefaultHTTPConnector.swift; sourceTree = "<group>"; };
		234C34C72348EB9E00AE45FF /* DefaultURLEncoder.swift */ = {isa = PBXFileReference; lastKnownFileType = sourcecode.swift; path = DefaultURLEncoder.swift; sourceTree = "<group>"; };
		234C34C92348EBCE00AE45FF /* DefaultConnectionIndicator.swift */ = {isa = PBXFileReference; lastKnownFileType = sourcecode.swift; path = DefaultConnectionIndicator.swift; sourceTree = "<group>"; };
		2356F68122FDB980002A2047 /* TsushinKibaanProto.app */ = {isa = PBXFileReference; explicitFileType = wrapper.application; includeInIndex = 0; path = TsushinKibaanProto.app; sourceTree = BUILT_PRODUCTS_DIR; };
		2356F68422FDB980002A2047 /* AppDelegate.swift */ = {isa = PBXFileReference; lastKnownFileType = sourcecode.swift; path = AppDelegate.swift; sourceTree = "<group>"; };
		2356F68622FDB980002A2047 /* ViewController.swift */ = {isa = PBXFileReference; lastKnownFileType = sourcecode.swift; path = ViewController.swift; sourceTree = "<group>"; };
		2356F68922FDB980002A2047 /* Base */ = {isa = PBXFileReference; lastKnownFileType = file.storyboard; name = Base; path = Base.lproj/Main.storyboard; sourceTree = "<group>"; };
		2356F68B22FDB981002A2047 /* Assets.xcassets */ = {isa = PBXFileReference; lastKnownFileType = folder.assetcatalog; path = Assets.xcassets; sourceTree = "<group>"; };
		2356F68E22FDB981002A2047 /* Base */ = {isa = PBXFileReference; lastKnownFileType = file.storyboard; name = Base; path = Base.lproj/LaunchScreen.storyboard; sourceTree = "<group>"; };
		2356F69022FDB981002A2047 /* Info.plist */ = {isa = PBXFileReference; lastKnownFileType = text.plist.xml; path = Info.plist; sourceTree = "<group>"; };
		2356F69722FDB9AC002A2047 /* HTTPConnector.swift */ = {isa = PBXFileReference; lastKnownFileType = sourcecode.swift; path = HTTPConnector.swift; sourceTree = "<group>"; };
		2356F69922FDB9CF002A2047 /* ConnectionLifecycle.swift */ = {isa = PBXFileReference; lastKnownFileType = sourcecode.swift; path = ConnectionLifecycle.swift; sourceTree = "<group>"; };
		2356F69B22FDB9E2002A2047 /* ConnectionSpec.swift */ = {isa = PBXFileReference; lastKnownFileType = sourcecode.swift; path = ConnectionSpec.swift; sourceTree = "<group>"; };
		2356F69D22FDBAA3002A2047 /* ConnectionListener.swift */ = {isa = PBXFileReference; lastKnownFileType = sourcecode.swift; path = ConnectionListener.swift; sourceTree = "<group>"; };
		239B121523294228009F4B0B /* ConnectionHolder.swift */ = {isa = PBXFileReference; lastKnownFileType = sourcecode.swift; path = ConnectionHolder.swift; sourceTree = "<group>"; };
		23A8D9B12312248800873CAB /* ConnectionEvent.swift */ = {isa = PBXFileReference; lastKnownFileType = sourcecode.swift; path = ConnectionEvent.swift; sourceTree = "<group>"; };
		403188A6230D0587000AAABA /* KeyValue.swift */ = {isa = PBXFileReference; lastKnownFileType = sourcecode.swift; path = KeyValue.swift; sourceTree = "<group>"; };
		403188A8230D082C000AAABA /* URLEncoder.swift */ = {isa = PBXFileReference; lastKnownFileType = sourcecode.swift; path = URLEncoder.swift; sourceTree = "<group>"; };
		403188AA230D0A71000AAABA /* URLQuery.swift */ = {isa = PBXFileReference; lastKnownFileType = sourcecode.swift; path = URLQuery.swift; sourceTree = "<group>"; };
		403188AC230D0E93000AAABA /* ConnectionErrorType.swift */ = {isa = PBXFileReference; lastKnownFileType = sourcecode.swift; path = ConnectionErrorType.swift; sourceTree = "<group>"; };
		403188B0230FF3AD000AAABA /* HTTPMethod.swift */ = {isa = PBXFileReference; lastKnownFileType = sourcecode.swift; path = HTTPMethod.swift; sourceTree = "<group>"; };
		403188B22313A643000AAABA /* EventChain.swift */ = {isa = PBXFileReference; lastKnownFileType = sourcecode.swift; path = EventChain.swift; sourceTree = "<group>"; };
		403188B52314B84E000AAABA /* MTSSpec.swift */ = {isa = PBXFileReference; lastKnownFileType = sourcecode.swift; path = MTSSpec.swift; sourceTree = "<group>"; };
		403188B72314B942000AAABA /* MTSResponse.swift */ = {isa = PBXFileReference; lastKnownFileType = sourcecode.swift; path = MTSResponse.swift; sourceTree = "<group>"; };
		403188B92314BA0C000AAABA /* HogeSpec.swift */ = {isa = PBXFileReference; lastKnownFileType = sourcecode.swift; path = HogeSpec.swift; sourceTree = "<group>"; };
		405294CE232228AB00739998 /* SimpleSpec.swift */ = {isa = PBXFileReference; lastKnownFileType = sourcecode.swift; path = SimpleSpec.swift; sourceTree = "<group>"; };
		405294F4232A599300739998 /* Request.swift */ = {isa = PBXFileReference; lastKnownFileType = sourcecode.swift; path = Request.swift; sourceTree = "<group>"; };
		40AB633123320BB2009BD7CB /* ConnectionError.swift */ = {isa = PBXFileReference; lastKnownFileType = sourcecode.swift; path = ConnectionError.swift; sourceTree = "<group>"; };
		40AB633323321142009BD7CB /* Response.swift */ = {isa = PBXFileReference; lastKnownFileType = sourcecode.swift; path = Response.swift; sourceTree = "<group>"; };
		40AB6429233B57D3009BD7CB /* CommonEvent.swift */ = {isa = PBXFileReference; lastKnownFileType = sourcecode.swift; path = CommonEvent.swift; sourceTree = "<group>"; };
/* End PBXFileReference section */

/* Begin PBXFrameworksBuildPhase section */
		2356F67E22FDB980002A2047 /* Frameworks */ = {
			isa = PBXFrameworksBuildPhase;
			buildActionMask = 2147483647;
			files = (
			);
			runOnlyForDeploymentPostprocessing = 0;
		};
/* End PBXFrameworksBuildPhase section */

/* Begin PBXGroup section */
		234C34C22348EAE400AE45FF /* Entity */ = {
			isa = PBXGroup;
			children = (
				403188B22313A643000AAABA /* EventChain.swift */,
				403188A6230D0587000AAABA /* KeyValue.swift */,
				405294F4232A599300739998 /* Request.swift */,
				40AB633323321142009BD7CB /* Response.swift */,
				403188AA230D0A71000AAABA /* URLQuery.swift */,
				40AB633123320BB2009BD7CB /* ConnectionError.swift */,
			);
			path = Entity;
			sourceTree = "<group>";
		};
		234C34C32348EB4E00AE45FF /* EnumType */ = {
			isa = PBXGroup;
			children = (
				403188B0230FF3AD000AAABA /* HTTPMethod.swift */,
				403188AC230D0E93000AAABA /* ConnectionErrorType.swift */,
			);
			path = EnumType;
			sourceTree = "<group>";
		};
		234C34C42348EB6700AE45FF /* DefaultImpl */ = {
			isa = PBXGroup;
			children = (
				234C34C52348EB7400AE45FF /* DefaultHTTPConnector.swift */,
				234C34C72348EB9E00AE45FF /* DefaultURLEncoder.swift */,
				234C34C92348EBCE00AE45FF /* DefaultConnectionIndicator.swift */,
			);
			path = DefaultImpl;
			sourceTree = "<group>";
		};
		2356F67822FDB980002A2047 = {
			isa = PBXGroup;
			children = (
				2356F68322FDB980002A2047 /* TsushinKibaanProto */,
				2356F68222FDB980002A2047 /* Products */,
			);
			sourceTree = "<group>";
		};
		2356F68222FDB980002A2047 /* Products */ = {
			isa = PBXGroup;
			children = (
				2356F68122FDB980002A2047 /* TsushinKibaanProto.app */,
			);
			name = Products;
			sourceTree = "<group>";
		};
		2356F68322FDB980002A2047 /* TsushinKibaanProto */ = {
			isa = PBXGroup;
			children = (
				405294CD2322289500739998 /* SimplestSample */,
				403188B42314B811000AAABA /* MTSSample */,
				2356F69622FDB995002A2047 /* Classes */,
				2356F68422FDB980002A2047 /* AppDelegate.swift */,
				2356F68622FDB980002A2047 /* ViewController.swift */,
				2356F68822FDB980002A2047 /* Main.storyboard */,
				2356F68B22FDB981002A2047 /* Assets.xcassets */,
				2356F68D22FDB981002A2047 /* LaunchScreen.storyboard */,
				2356F69022FDB981002A2047 /* Info.plist */,
			);
			path = TsushinKibaanProto;
			sourceTree = "<group>";
		};
		2356F69622FDB995002A2047 /* Classes */ = {
			isa = PBXGroup;
			children = (
				234C34C42348EB6700AE45FF /* DefaultImpl */,
				234C34C32348EB4E00AE45FF /* EnumType */,
				234C34C22348EAE400AE45FF /* Entity */,
				2356F69922FDB9CF002A2047 /* ConnectionLifecycle.swift */,
				2356F69722FDB9AC002A2047 /* HTTPConnector.swift */,
				2356F69B22FDB9E2002A2047 /* ConnectionSpec.swift */,
				2356F69D22FDBAA3002A2047 /* ConnectionListener.swift */,
				23A8D9B12312248800873CAB /* ConnectionEvent.swift */,
				403188A8230D082C000AAABA /* URLEncoder.swift */,
				239B121523294228009F4B0B /* ConnectionHolder.swift */,
				234C34C02343A79000AE45FF /* ConnectionIndicator.swift */,
			);
			path = Classes;
			sourceTree = "<group>";
		};
		403188B42314B811000AAABA /* MTSSample */ = {
			isa = PBXGroup;
			children = (
				403188B52314B84E000AAABA /* MTSSpec.swift */,
				403188B72314B942000AAABA /* MTSResponse.swift */,
				403188B92314BA0C000AAABA /* HogeSpec.swift */,
				40AB6429233B57D3009BD7CB /* CommonEvent.swift */,
			);
			path = MTSSample;
			sourceTree = "<group>";
		};
		405294CD2322289500739998 /* SimplestSample */ = {
			isa = PBXGroup;
			children = (
				405294CE232228AB00739998 /* SimpleSpec.swift */,
			);
			path = SimplestSample;
			sourceTree = "<group>";
		};
/* End PBXGroup section */

/* Begin PBXNativeTarget section */
		2356F68022FDB980002A2047 /* TsushinKibaanProto */ = {
			isa = PBXNativeTarget;
			buildConfigurationList = 2356F69322FDB981002A2047 /* Build configuration list for PBXNativeTarget "TsushinKibaanProto" */;
			buildPhases = (
				2356F67D22FDB980002A2047 /* Sources */,
				2356F67E22FDB980002A2047 /* Frameworks */,
				2356F67F22FDB980002A2047 /* Resources */,
			);
			buildRules = (
			);
			dependencies = (
			);
			name = TsushinKibaanProto;
			productName = TsushinKibaanProto;
			productReference = 2356F68122FDB980002A2047 /* TsushinKibaanProto.app */;
			productType = "com.apple.product-type.application";
		};
/* End PBXNativeTarget section */

/* Begin PBXProject section */
		2356F67922FDB980002A2047 /* Project object */ = {
			isa = PBXProject;
			attributes = {
				LastSwiftUpdateCheck = 1030;
				LastUpgradeCheck = 1030;
				ORGANIZATIONNAME = "山本敬太";
				TargetAttributes = {
					2356F68022FDB980002A2047 = {
						CreatedOnToolsVersion = 10.3;
					};
				};
			};
			buildConfigurationList = 2356F67C22FDB980002A2047 /* Build configuration list for PBXProject "TsushinKibaanProto" */;
			compatibilityVersion = "Xcode 9.3";
			developmentRegion = en;
			hasScannedForEncodings = 0;
			knownRegions = (
				en,
				Base,
			);
			mainGroup = 2356F67822FDB980002A2047;
			productRefGroup = 2356F68222FDB980002A2047 /* Products */;
			projectDirPath = "";
			projectRoot = "";
			targets = (
				2356F68022FDB980002A2047 /* TsushinKibaanProto */,
			);
		};
/* End PBXProject section */

/* Begin PBXResourcesBuildPhase section */
		2356F67F22FDB980002A2047 /* Resources */ = {
			isa = PBXResourcesBuildPhase;
			buildActionMask = 2147483647;
			files = (
				2356F68F22FDB981002A2047 /* LaunchScreen.storyboard in Resources */,
				2356F68C22FDB981002A2047 /* Assets.xcassets in Resources */,
				2356F68A22FDB980002A2047 /* Main.storyboard in Resources */,
			);
			runOnlyForDeploymentPostprocessing = 0;
		};
/* End PBXResourcesBuildPhase section */

/* Begin PBXSourcesBuildPhase section */
		2356F67D22FDB980002A2047 /* Sources */ = {
			isa = PBXSourcesBuildPhase;
			buildActionMask = 2147483647;
			files = (
				2356F69C22FDB9E2002A2047 /* ConnectionSpec.swift in Sources */,
				40AB642A233B57D3009BD7CB /* CommonEvent.swift in Sources */,
				234C34CA2348EBCE00AE45FF /* DefaultConnectionIndicator.swift in Sources */,
				403188B62314B84E000AAABA /* MTSSpec.swift in Sources */,
				405294CF232228AB00739998 /* SimpleSpec.swift in Sources */,
				2356F69822FDB9AC002A2047 /* HTTPConnector.swift in Sources */,
				234C34C62348EB7400AE45FF /* DefaultHTTPConnector.swift in Sources */,
				403188B32313A643000AAABA /* EventChain.swift in Sources */,
				2356F68722FDB980002A2047 /* ViewController.swift in Sources */,
				403188B82314B942000AAABA /* MTSResponse.swift in Sources */,
				403188B1230FF3AD000AAABA /* HTTPMethod.swift in Sources */,
				403188BA2314BA0C000AAABA /* HogeSpec.swift in Sources */,
				2356F69E22FDBAA3002A2047 /* ConnectionListener.swift in Sources */,
				2356F68522FDB980002A2047 /* AppDelegate.swift in Sources */,
				2356F69A22FDB9CF002A2047 /* ConnectionLifecycle.swift in Sources */,
				405294F5232A599300739998 /* Request.swift in Sources */,
				234C34C12343A79000AE45FF /* ConnectionIndicator.swift in Sources */,
				40AB633423321142009BD7CB /* Response.swift in Sources */,
				403188AB230D0A71000AAABA /* URLQuery.swift in Sources */,
				23A8D9B22312248800873CAB /* ConnectionEvent.swift in Sources */,
				40AB633223320BB2009BD7CB /* ConnectionError.swift in Sources */,
				403188A9230D082C000AAABA /* URLEncoder.swift in Sources */,
				403188AD230D0E93000AAABA /* ConnectionErrorType.swift in Sources */,
				403188A7230D0587000AAABA /* KeyValue.swift in Sources */,
				239B121623294228009F4B0B /* ConnectionHolder.swift in Sources */,
				234C34C82348EB9E00AE45FF /* DefaultURLEncoder.swift in Sources */,
			);
			runOnlyForDeploymentPostprocessing = 0;
		};
/* End PBXSourcesBuildPhase section */

/* Begin PBXVariantGroup section */
		2356F68822FDB980002A2047 /* Main.storyboard */ = {
			isa = PBXVariantGroup;
			children = (
				2356F68922FDB980002A2047 /* Base */,
			);
			name = Main.storyboard;
			sourceTree = "<group>";
		};
		2356F68D22FDB981002A2047 /* LaunchScreen.storyboard */ = {
			isa = PBXVariantGroup;
			children = (
				2356F68E22FDB981002A2047 /* Base */,
			);
			name = LaunchScreen.storyboard;
			sourceTree = "<group>";
		};
/* End PBXVariantGroup section */

/* Begin XCBuildConfiguration section */
		2356F69122FDB981002A2047 /* Debug */ = {
			isa = XCBuildConfiguration;
			buildSettings = {
				ALWAYS_SEARCH_USER_PATHS = NO;
				CLANG_ANALYZER_NONNULL = YES;
				CLANG_ANALYZER_NUMBER_OBJECT_CONVERSION = YES_AGGRESSIVE;
				CLANG_CXX_LANGUAGE_STANDARD = "gnu++14";
				CLANG_CXX_LIBRARY = "libc++";
				CLANG_ENABLE_MODULES = YES;
				CLANG_ENABLE_OBJC_ARC = YES;
				CLANG_ENABLE_OBJC_WEAK = YES;
				CLANG_WARN_BLOCK_CAPTURE_AUTORELEASING = YES;
				CLANG_WARN_BOOL_CONVERSION = YES;
				CLANG_WARN_COMMA = YES;
				CLANG_WARN_CONSTANT_CONVERSION = YES;
				CLANG_WARN_DEPRECATED_OBJC_IMPLEMENTATIONS = YES;
				CLANG_WARN_DIRECT_OBJC_ISA_USAGE = YES_ERROR;
				CLANG_WARN_DOCUMENTATION_COMMENTS = YES;
				CLANG_WARN_EMPTY_BODY = YES;
				CLANG_WARN_ENUM_CONVERSION = YES;
				CLANG_WARN_INFINITE_RECURSION = YES;
				CLANG_WARN_INT_CONVERSION = YES;
				CLANG_WARN_NON_LITERAL_NULL_CONVERSION = YES;
				CLANG_WARN_OBJC_IMPLICIT_RETAIN_SELF = YES;
				CLANG_WARN_OBJC_LITERAL_CONVERSION = YES;
				CLANG_WARN_OBJC_ROOT_CLASS = YES_ERROR;
				CLANG_WARN_RANGE_LOOP_ANALYSIS = YES;
				CLANG_WARN_STRICT_PROTOTYPES = YES;
				CLANG_WARN_SUSPICIOUS_MOVE = YES;
				CLANG_WARN_UNGUARDED_AVAILABILITY = YES_AGGRESSIVE;
				CLANG_WARN_UNREACHABLE_CODE = YES;
				CLANG_WARN__DUPLICATE_METHOD_MATCH = YES;
				CODE_SIGN_IDENTITY = "iPhone Developer";
				COPY_PHASE_STRIP = NO;
				DEBUG_INFORMATION_FORMAT = dwarf;
				ENABLE_STRICT_OBJC_MSGSEND = YES;
				ENABLE_TESTABILITY = YES;
				GCC_C_LANGUAGE_STANDARD = gnu11;
				GCC_DYNAMIC_NO_PIC = NO;
				GCC_NO_COMMON_BLOCKS = YES;
				GCC_OPTIMIZATION_LEVEL = 0;
				GCC_PREPROCESSOR_DEFINITIONS = (
					"DEBUG=1",
					"$(inherited)",
				);
				GCC_WARN_64_TO_32_BIT_CONVERSION = YES;
				GCC_WARN_ABOUT_RETURN_TYPE = YES_ERROR;
				GCC_WARN_UNDECLARED_SELECTOR = YES;
				GCC_WARN_UNINITIALIZED_AUTOS = YES_AGGRESSIVE;
				GCC_WARN_UNUSED_FUNCTION = YES;
				GCC_WARN_UNUSED_VARIABLE = YES;
				IPHONEOS_DEPLOYMENT_TARGET = 12.4;
				MTL_ENABLE_DEBUG_INFO = INCLUDE_SOURCE;
				MTL_FAST_MATH = YES;
				ONLY_ACTIVE_ARCH = YES;
				SDKROOT = iphoneos;
				SWIFT_ACTIVE_COMPILATION_CONDITIONS = DEBUG;
				SWIFT_OPTIMIZATION_LEVEL = "-Onone";
			};
			name = Debug;
		};
		2356F69222FDB981002A2047 /* Release */ = {
			isa = XCBuildConfiguration;
			buildSettings = {
				ALWAYS_SEARCH_USER_PATHS = NO;
				CLANG_ANALYZER_NONNULL = YES;
				CLANG_ANALYZER_NUMBER_OBJECT_CONVERSION = YES_AGGRESSIVE;
				CLANG_CXX_LANGUAGE_STANDARD = "gnu++14";
				CLANG_CXX_LIBRARY = "libc++";
				CLANG_ENABLE_MODULES = YES;
				CLANG_ENABLE_OBJC_ARC = YES;
				CLANG_ENABLE_OBJC_WEAK = YES;
				CLANG_WARN_BLOCK_CAPTURE_AUTORELEASING = YES;
				CLANG_WARN_BOOL_CONVERSION = YES;
				CLANG_WARN_COMMA = YES;
				CLANG_WARN_CONSTANT_CONVERSION = YES;
				CLANG_WARN_DEPRECATED_OBJC_IMPLEMENTATIONS = YES;
				CLANG_WARN_DIRECT_OBJC_ISA_USAGE = YES_ERROR;
				CLANG_WARN_DOCUMENTATION_COMMENTS = YES;
				CLANG_WARN_EMPTY_BODY = YES;
				CLANG_WARN_ENUM_CONVERSION = YES;
				CLANG_WARN_INFINITE_RECURSION = YES;
				CLANG_WARN_INT_CONVERSION = YES;
				CLANG_WARN_NON_LITERAL_NULL_CONVERSION = YES;
				CLANG_WARN_OBJC_IMPLICIT_RETAIN_SELF = YES;
				CLANG_WARN_OBJC_LITERAL_CONVERSION = YES;
				CLANG_WARN_OBJC_ROOT_CLASS = YES_ERROR;
				CLANG_WARN_RANGE_LOOP_ANALYSIS = YES;
				CLANG_WARN_STRICT_PROTOTYPES = YES;
				CLANG_WARN_SUSPICIOUS_MOVE = YES;
				CLANG_WARN_UNGUARDED_AVAILABILITY = YES_AGGRESSIVE;
				CLANG_WARN_UNREACHABLE_CODE = YES;
				CLANG_WARN__DUPLICATE_METHOD_MATCH = YES;
				CODE_SIGN_IDENTITY = "iPhone Developer";
				COPY_PHASE_STRIP = NO;
				DEBUG_INFORMATION_FORMAT = "dwarf-with-dsym";
				ENABLE_NS_ASSERTIONS = NO;
				ENABLE_STRICT_OBJC_MSGSEND = YES;
				GCC_C_LANGUAGE_STANDARD = gnu11;
				GCC_NO_COMMON_BLOCKS = YES;
				GCC_WARN_64_TO_32_BIT_CONVERSION = YES;
				GCC_WARN_ABOUT_RETURN_TYPE = YES_ERROR;
				GCC_WARN_UNDECLARED_SELECTOR = YES;
				GCC_WARN_UNINITIALIZED_AUTOS = YES_AGGRESSIVE;
				GCC_WARN_UNUSED_FUNCTION = YES;
				GCC_WARN_UNUSED_VARIABLE = YES;
				IPHONEOS_DEPLOYMENT_TARGET = 12.4;
				MTL_ENABLE_DEBUG_INFO = NO;
				MTL_FAST_MATH = YES;
				SDKROOT = iphoneos;
				SWIFT_COMPILATION_MODE = wholemodule;
				SWIFT_OPTIMIZATION_LEVEL = "-O";
				VALIDATE_PRODUCT = YES;
			};
			name = Release;
		};
		2356F69422FDB981002A2047 /* Debug */ = {
			isa = XCBuildConfiguration;
			buildSettings = {
				ASSETCATALOG_COMPILER_APPICON_NAME = AppIcon;
				CODE_SIGN_STYLE = Automatic;
				INFOPLIST_FILE = TsushinKibaanProto/Info.plist;
				LD_RUNPATH_SEARCH_PATHS = (
					"$(inherited)",
					"@executable_path/Frameworks",
				);
				PRODUCT_BUNDLE_IDENTIFIER = altonotes.co.jp.TsushinKibaanProto;
				PRODUCT_NAME = "$(TARGET_NAME)";
				SWIFT_VERSION = 5.0;
				TARGETED_DEVICE_FAMILY = "1,2";
			};
			name = Debug;
		};
		2356F69522FDB981002A2047 /* Release */ = {
			isa = XCBuildConfiguration;
			buildSettings = {
				ASSETCATALOG_COMPILER_APPICON_NAME = AppIcon;
				CODE_SIGN_STYLE = Automatic;
				INFOPLIST_FILE = TsushinKibaanProto/Info.plist;
				LD_RUNPATH_SEARCH_PATHS = (
					"$(inherited)",
					"@executable_path/Frameworks",
				);
				PRODUCT_BUNDLE_IDENTIFIER = altonotes.co.jp.TsushinKibaanProto;
				PRODUCT_NAME = "$(TARGET_NAME)";
				SWIFT_VERSION = 5.0;
				TARGETED_DEVICE_FAMILY = "1,2";
			};
			name = Release;
		};
/* End XCBuildConfiguration section */

/* Begin XCConfigurationList section */
		2356F67C22FDB980002A2047 /* Build configuration list for PBXProject "TsushinKibaanProto" */ = {
			isa = XCConfigurationList;
			buildConfigurations = (
				2356F69122FDB981002A2047 /* Debug */,
				2356F69222FDB981002A2047 /* Release */,
			);
			defaultConfigurationIsVisible = 0;
			defaultConfigurationName = Release;
		};
		2356F69322FDB981002A2047 /* Build configuration list for PBXNativeTarget "TsushinKibaanProto" */ = {
			isa = XCConfigurationList;
			buildConfigurations = (
				2356F69422FDB981002A2047 /* Debug */,
				2356F69522FDB981002A2047 /* Release */,
			);
			defaultConfigurationIsVisible = 0;
			defaultConfigurationName = Release;
		};
/* End XCConfigurationList section */
	};
	rootObject = 2356F67922FDB980002A2047 /* Project object */;
}
